// !$*UTF8*$!
{
	archiveVersion = 1;
	classes = {
	};
	objectVersion = 50;
	objects = {

/* Begin PBXBuildFile section */
		89F303D82315AF03007AABEB /* AppDelegate.swift in Sources */ = {isa = PBXBuildFile; fileRef = 89F303D72315AF03007AABEB /* AppDelegate.swift */; };
		89F303DA2315AF03007AABEB /* ViewController.swift in Sources */ = {isa = PBXBuildFile; fileRef = 89F303D92315AF03007AABEB /* ViewController.swift */; };
		89F303DD2315AF03007AABEB /* Main.storyboard in Resources */ = {isa = PBXBuildFile; fileRef = 89F303DB2315AF03007AABEB /* Main.storyboard */; };
		89F303DF2315AF04007AABEB /* Assets.xcassets in Resources */ = {isa = PBXBuildFile; fileRef = 89F303DE2315AF04007AABEB /* Assets.xcassets */; };
		89F303E22315AF04007AABEB /* LaunchScreen.storyboard in Resources */ = {isa = PBXBuildFile; fileRef = 89F303E02315AF04007AABEB /* LaunchScreen.storyboard */; };
		89F303EB2315B21F007AABEB /* Request.swift in Sources */ = {isa = PBXBuildFile; fileRef = 89F303EA2315B21F007AABEB /* Request.swift */; };
/* End PBXBuildFile section */

/* Begin PBXFileReference section */
		89F303D42315AF03007AABEB /* TenorAPI.app */ = {isa = PBXFileReference; explicitFileType = wrapper.application; includeInIndex = 0; path = TenorAPI.app; sourceTree = BUILT_PRODUCTS_DIR; };
		89F303D72315AF03007AABEB /* AppDelegate.swift */ = {isa = PBXFileReference; lastKnownFileType = sourcecode.swift; path = AppDelegate.swift; sourceTree = "<group>"; };
		89F303D92315AF03007AABEB /* ViewController.swift */ = {isa = PBXFileReference; lastKnownFileType = sourcecode.swift; path = ViewController.swift; sourceTree = "<group>"; };
		89F303DC2315AF03007AABEB /* Base */ = {isa = PBXFileReference; lastKnownFileType = file.storyboard; name = Base; path = Base.lproj/Main.storyboard; sourceTree = "<group>"; };
		89F303DE2315AF04007AABEB /* Assets.xcassets */ = {isa = PBXFileReference; lastKnownFileType = folder.assetcatalog; path = Assets.xcassets; sourceTree = "<group>"; };
		89F303E12315AF04007AABEB /* Base */ = {isa = PBXFileReference; lastKnownFileType = file.storyboard; name = Base; path = Base.lproj/LaunchScreen.storyboard; sourceTree = "<group>"; };
		89F303E32315AF04007AABEB /* Info.plist */ = {isa = PBXFileReference; lastKnownFileType = text.plist.xml; path = Info.plist; sourceTree = "<group>"; };
		89F303EA2315B21F007AABEB /* Request.swift */ = {isa = PBXFileReference; lastKnownFileType = sourcecode.swift; path = Request.swift; sourceTree = "<group>"; };
/* End PBXFileReference section */

/* Begin PBXFrameworksBuildPhase section */
		89F303D12315AF03007AABEB /* Frameworks */ = {
			isa = PBXFrameworksBuildPhase;
			buildActionMask = 2147483647;
			files = (
			);
			runOnlyForDeploymentPostprocessing = 0;
		};
/* End PBXFrameworksBuildPhase section */

/* Begin PBXGroup section */
		89F303CB2315AF03007AABEB = {
			isa = PBXGroup;
			children = (
				89F303D62315AF03007AABEB /* TenorAPI */,
				89F303D52315AF03007AABEB /* Products */,
			);
			sourceTree = "<group>";
		};
		89F303D52315AF03007AABEB /* Products */ = {
			isa = PBXGroup;
			children = (
				89F303D42315AF03007AABEB /* TenorAPI.app */,
			);
			name = Products;
			sourceTree = "<group>";
		};
		89F303D62315AF03007AABEB /* TenorAPI */ = {
			isa = PBXGroup;
			children = (
				89F303E92315AF22007AABEB /* Support */,
				89F303D92315AF03007AABEB /* ViewController.swift */,
				89F303EA2315B21F007AABEB /* Request.swift */,
				89F303DB2315AF03007AABEB /* Main.storyboard */,
				89F303E02315AF04007AABEB /* LaunchScreen.storyboard */,
			);
			path = TenorAPI;
			sourceTree = "<group>";
		};
		89F303E92315AF22007AABEB /* Support */ = {
			isa = PBXGroup;
			children = (
				89F303D72315AF03007AABEB /* AppDelegate.swift */,
				89F303DE2315AF04007AABEB /* Assets.xcassets */,
				89F303E32315AF04007AABEB /* Info.plist */,
			);
			path = Support;
			sourceTree = "<group>";
		};
/* End PBXGroup section */

/* Begin PBXNativeTarget section */
		89F303D32315AF03007AABEB /* TenorAPI */ = {
			isa = PBXNativeTarget;
			buildConfigurationList = 89F303E62315AF04007AABEB /* Build configuration list for PBXNativeTarget "TenorAPI" */;
			buildPhases = (
				89F303D02315AF03007AABEB /* Sources */,
				89F303D12315AF03007AABEB /* Frameworks */,
				89F303D22315AF03007AABEB /* Resources */,
			);
			buildRules = (
			);
			dependencies = (
			);
			name = TenorAPI;
			productName = TenorAPI;
			productReference = 89F303D42315AF03007AABEB /* TenorAPI.app */;
			productType = "com.apple.product-type.application";
		};
/* End PBXNativeTarget section */

/* Begin PBXProject section */
		89F303CC2315AF03007AABEB /* Project object */ = {
			isa = PBXProject;
			attributes = {
				LastSwiftUpdateCheck = 1030;
				LastUpgradeCheck = 1030;
				ORGANIZATIONNAME = "Ronald Maciel";
				TargetAttributes = {
					89F303D32315AF03007AABEB = {
						CreatedOnToolsVersion = 10.3;
					};
				};
			};
			buildConfigurationList = 89F303CF2315AF03007AABEB /* Build configuration list for PBXProject "TenorAPI" */;
			compatibilityVersion = "Xcode 9.3";
			developmentRegion = en;
			hasScannedForEncodings = 0;
			knownRegions = (
				en,
				Base,
			);
			mainGroup = 89F303CB2315AF03007AABEB;
			productRefGroup = 89F303D52315AF03007AABEB /* Products */;
			projectDirPath = "";
			projectRoot = "";
			targets = (
				89F303D32315AF03007AABEB /* TenorAPI */,
			);
		};
/* End PBXProject section */

/* Begin PBXResourcesBuildPhase section */
		89F303D22315AF03007AABEB /* Resources */ = {
			isa = PBXResourcesBuildPhase;
			buildActionMask = 2147483647;
			files = (
				89F303E22315AF04007AABEB /* LaunchScreen.storyboard in Resources */,
				89F303DF2315AF04007AABEB /* Assets.xcassets in Resources */,
				89F303DD2315AF03007AABEB /* Main.storyboard in Resources */,
			);
			runOnlyForDeploymentPostprocessing = 0;
		};
/* End PBXResourcesBuildPhase section */

/* Begin PBXSourcesBuildPhase section */
		89F303D02315AF03007AABEB /* Sources */ = {
			isa = PBXSourcesBuildPhase;
			buildActionMask = 2147483647;
			files = (
				89F303DA2315AF03007AABEB /* ViewController.swift in Sources */,
				89F303EB2315B21F007AABEB /* Request.swift in Sources */,
				89F303D82315AF03007AABEB /* AppDelegate.swift in Sources */,
			);
			runOnlyForDeploymentPostprocessing = 0;
		};
/* End PBXSourcesBuildPhase section */

/* Begin PBXVariantGroup section */
		89F303DB2315AF03007AABEB /* Main.storyboard */ = {
			isa = PBXVariantGroup;
			children = (
				89F303DC2315AF03007AABEB /* Base */,
			);
			name = Main.storyboard;
			sourceTree = "<group>";
		};
		89F303E02315AF04007AABEB /* LaunchScreen.storyboard */ = {
			isa = PBXVariantGroup;
			children = (
				89F303E12315AF04007AABEB /* Base */,
			);
			name = LaunchScreen.storyboard;
			sourceTree = "<group>";
		};
/* End PBXVariantGroup section */

/* Begin XCBuildConfiguration section */
		89F303E42315AF04007AABEB /* Debug */ = {
			isa = XCBuildConfiguration;
			buildSettings = {
				ALWAYS_SEARCH_USER_PATHS = NO;
				CLANG_ANALYZER_NONNULL = YES;
				CLANG_ANALYZER_NUMBER_OBJECT_CONVERSION = YES_AGGRESSIVE;
				CLANG_CXX_LANGUAGE_STANDARD = "gnu++14";
				CLANG_CXX_LIBRARY = "libc++";
				CLANG_ENABLE_MODULES = YES;
				CLANG_ENABLE_OBJC_ARC = YES;
				CLANG_ENABLE_OBJC_WEAK = YES;
				CLANG_WARN_BLOCK_CAPTURE_AUTORELEASING = YES;
				CLANG_WARN_BOOL_CONVERSION = YES;
				CLANG_WARN_COMMA = YES;
				CLANG_WARN_CONSTANT_CONVERSION = YES;
				CLANG_WARN_DEPRECATED_OBJC_IMPLEMENTATIONS = YES;
				CLANG_WARN_DIRECT_OBJC_ISA_USAGE = YES_ERROR;
				CLANG_WARN_DOCUMENTATION_COMMENTS = YES;
				CLANG_WARN_EMPTY_BODY = YES;
				CLANG_WARN_ENUM_CONVERSION = YES;
				CLANG_WARN_INFINITE_RECURSION = YES;
				CLANG_WARN_INT_CONVERSION = YES;
				CLANG_WARN_NON_LITERAL_NULL_CONVERSION = YES;
				CLANG_WARN_OBJC_IMPLICIT_RETAIN_SELF = YES;
				CLANG_WARN_OBJC_LITERAL_CONVERSION = YES;
				CLANG_WARN_OBJC_ROOT_CLASS = YES_ERROR;
				CLANG_WARN_RANGE_LOOP_ANALYSIS = YES;
				CLANG_WARN_STRICT_PROTOTYPES = YES;
				CLANG_WARN_SUSPICIOUS_MOVE = YES;
				CLANG_WARN_UNGUARDED_AVAILABILITY = YES_AGGRESSIVE;
				CLANG_WARN_UNREACHABLE_CODE = YES;
				CLANG_WARN__DUPLICATE_METHOD_MATCH = YES;
				CODE_SIGN_IDENTITY = "iPhone Developer";
				COPY_PHASE_STRIP = NO;
				DEBUG_INFORMATION_FORMAT = dwarf;
				ENABLE_STRICT_OBJC_MSGSEND = YES;
				ENABLE_TESTABILITY = YES;
				GCC_C_LANGUAGE_STANDARD = gnu11;
				GCC_DYNAMIC_NO_PIC = NO;
				GCC_NO_COMMON_BLOCKS = YES;
				GCC_OPTIMIZATION_LEVEL = 0;
				GCC_PREPROCESSOR_DEFINITIONS = (
					"DEBUG=1",
					"$(inherited)",
				);
				GCC_WARN_64_TO_32_BIT_CONVERSION = YES;
				GCC_WARN_ABOUT_RETURN_TYPE = YES_ERROR;
				GCC_WARN_UNDECLARED_SELECTOR = YES;
				GCC_WARN_UNINITIALIZED_AUTOS = YES_AGGRESSIVE;
				GCC_WARN_UNUSED_FUNCTION = YES;
				GCC_WARN_UNUSED_VARIABLE = YES;
				IPHONEOS_DEPLOYMENT_TARGET = 12.4;
				MTL_ENABLE_DEBUG_INFO = INCLUDE_SOURCE;
				MTL_FAST_MATH = YES;
				ONLY_ACTIVE_ARCH = YES;
				SDKROOT = iphoneos;
				SWIFT_ACTIVE_COMPILATION_CONDITIONS = DEBUG;
				SWIFT_OPTIMIZATION_LEVEL = "-Onone";
			};
			name = Debug;
		};
		89F303E52315AF04007AABEB /* Release */ = {
			isa = XCBuildConfiguration;
			buildSettings = {
				ALWAYS_SEARCH_USER_PATHS = NO;
				CLANG_ANALYZER_NONNULL = YES;
				CLANG_ANALYZER_NUMBER_OBJECT_CONVERSION = YES_AGGRESSIVE;
				CLANG_CXX_LANGUAGE_STANDARD = "gnu++14";
				CLANG_CXX_LIBRARY = "libc++";
				CLANG_ENABLE_MODULES = YES;
				CLANG_ENABLE_OBJC_ARC = YES;
				CLANG_ENABLE_OBJC_WEAK = YES;
				CLANG_WARN_BLOCK_CAPTURE_AUTORELEASING = YES;
				CLANG_WARN_BOOL_CONVERSION = YES;
				CLANG_WARN_COMMA = YES;
				CLANG_WARN_CONSTANT_CONVERSION = YES;
				CLANG_WARN_DEPRECATED_OBJC_IMPLEMENTATIONS = YES;
				CLANG_WARN_DIRECT_OBJC_ISA_USAGE = YES_ERROR;
				CLANG_WARN_DOCUMENTATION_COMMENTS = YES;
				CLANG_WARN_EMPTY_BODY = YES;
				CLANG_WARN_ENUM_CONVERSION = YES;
				CLANG_WARN_INFINITE_RECURSION = YES;
				CLANG_WARN_INT_CONVERSION = YES;
				CLANG_WARN_NON_LITERAL_NULL_CONVERSION = YES;
				CLANG_WARN_OBJC_IMPLICIT_RETAIN_SELF = YES;
				CLANG_WARN_OBJC_LITERAL_CONVERSION = YES;
				CLANG_WARN_OBJC_ROOT_CLASS = YES_ERROR;
				CLANG_WARN_RANGE_LOOP_ANALYSIS = YES;
				CLANG_WARN_STRICT_PROTOTYPES = YES;
				CLANG_WARN_SUSPICIOUS_MOVE = YES;
				CLANG_WARN_UNGUARDED_AVAILABILITY = YES_AGGRESSIVE;
				CLANG_WARN_UNREACHABLE_CODE = YES;
				CLANG_WARN__DUPLICATE_METHOD_MATCH = YES;
				CODE_SIGN_IDENTITY = "iPhone Developer";
				COPY_PHASE_STRIP = NO;
				DEBUG_INFORMATION_FORMAT = "dwarf-with-dsym";
				ENABLE_NS_ASSERTIONS = NO;
				ENABLE_STRICT_OBJC_MSGSEND = YES;
				GCC_C_LANGUAGE_STANDARD = gnu11;
				GCC_NO_COMMON_BLOCKS = YES;
				GCC_WARN_64_TO_32_BIT_CONVERSION = YES;
				GCC_WARN_ABOUT_RETURN_TYPE = YES_ERROR;
				GCC_WARN_UNDECLARED_SELECTOR = YES;
				GCC_WARN_UNINITIALIZED_AUTOS = YES_AGGRESSIVE;
				GCC_WARN_UNUSED_FUNCTION = YES;
				GCC_WARN_UNUSED_VARIABLE = YES;
				IPHONEOS_DEPLOYMENT_TARGET = 12.4;
				MTL_ENABLE_DEBUG_INFO = NO;
				MTL_FAST_MATH = YES;
				SDKROOT = iphoneos;
				SWIFT_COMPILATION_MODE = wholemodule;
				SWIFT_OPTIMIZATION_LEVEL = "-O";
				VALIDATE_PRODUCT = YES;
			};
			name = Release;
		};
		89F303E72315AF04007AABEB /* Debug */ = {
			isa = XCBuildConfiguration;
			buildSettings = {
				ASSETCATALOG_COMPILER_APPICON_NAME = AppIcon;
				CODE_SIGN_STYLE = Automatic;
				DEVELOPMENT_TEAM = ZJDDP65ZQ3;
				INFOPLIST_FILE = "$(SRCROOT)/TenorAPI/Support/Info.plist";
				LD_RUNPATH_SEARCH_PATHS = (
					"$(inherited)",
					"@executable_path/Frameworks",
				);
				PRODUCT_BUNDLE_IDENTIFIER = com.romaciel.TenorAPI;
				PRODUCT_NAME = "$(TARGET_NAME)";
				SWIFT_VERSION = 5.0;
				TARGETED_DEVICE_FAMILY = "1,2";
			};
			name = Debug;
		};
		89F303E82315AF04007AABEB /* Release */ = {
			isa = XCBuildConfiguration;
			buildSettings = {
				ASSETCATALOG_COMPILER_APPICON_NAME = AppIcon;
				CODE_SIGN_STYLE = Automatic;
				DEVELOPMENT_TEAM = ZJDDP65ZQ3;
				INFOPLIST_FILE = "$(SRCROOT)/TenorAPI/Support/Info.plist";
				LD_RUNPATH_SEARCH_PATHS = (
					"$(inherited)",
					"@executable_path/Frameworks",
				);
				PRODUCT_BUNDLE_IDENTIFIER = com.romaciel.TenorAPI;
				PRODUCT_NAME = "$(TARGET_NAME)";
				SWIFT_VERSION = 5.0;
				TARGETED_DEVICE_FAMILY = "1,2";
			};
			name = Release;
		};
/* End XCBuildConfiguration section */

/* Begin XCConfigurationList section */
		89F303CF2315AF03007AABEB /* Build configuration list for PBXProject "TenorAPI" */ = {
			isa = XCConfigurationList;
			buildConfigurations = (
				89F303E42315AF04007AABEB /* Debug */,
				89F303E52315AF04007AABEB /* Release */,
			);
			defaultConfigurationIsVisible = 0;
			defaultConfigurationName = Release;
		};
		89F303E62315AF04007AABEB /* Build configuration list for PBXNativeTarget "TenorAPI" */ = {
			isa = XCConfigurationList;
			buildConfigurations = (
				89F303E72315AF04007AABEB /* Debug */,
				89F303E82315AF04007AABEB /* Release */,
			);
			defaultConfigurationIsVisible = 0;
			defaultConfigurationName = Release;
		};
/* End XCConfigurationList section */
	};
	rootObject = 89F303CC2315AF03007AABEB /* Project object */;
}
